
Microsoft Visual Studio Solution File, Format Version 12.00
# Visual Studio 2012
Project("{FAE04EC0-301F-11D3-BF4B-00C04F79EFBC}") = "Entidades", "Entidades\Entidades.csproj", "{067A5FBD-AB7E-4451-B747-6BAB5BB6EEE0}"
EndProject
Project("{FAE04EC0-301F-11D3-BF4B-00C04F79EFBC}") = "MiCalculadora", "MiCalculadora\MiCalculadora.csproj", "{C8DEEE72-D0E4-4C20-BB1B-EA6626E40695}"
EndProject
Global
	GlobalSection(SolutionConfigurationPlatforms) = preSolution
		Debug|Any CPU = Debug|Any CPU
		Release|Any CPU = Release|Any CPU
	EndGlobalSection
	GlobalSection(ProjectConfigurationPlatforms) = postSolution
		{067A5FBD-AB7E-4451-B747-6BAB5BB6EEE0}.Debug|Any CPU.ActiveCfg = Debug|Any CPU
		{067A5FBD-AB7E-4451-B747-6BAB5BB6EEE0}.Debug|Any CPU.Build.0 = Debug|Any CPU
		{067A5FBD-AB7E-4451-B747-6BAB5BB6EEE0}.Release|Any CPU.ActiveCfg = Release|Any CPU
		{067A5FBD-AB7E-4451-B747-6BAB5BB6EEE0}.Release|Any CPU.Build.0 = Release|Any CPU
		{C8DEEE72-D0E4-4C20-BB1B-EA6626E40695}.Debug|Any CPU.ActiveCfg = Debug|Any CPU
		{C8DEEE72-D0E4-4C20-BB1B-EA6626E40695}.Debug|Any CPU.Build.0 = Debug|Any CPU
		{C8DEEE72-D0E4-4C20-BB1B-EA6626E40695}.Release|Any CPU.ActiveCfg = Release|Any CPU
		{C8DEEE72-D0E4-4C20-BB1B-EA6626E40695}.Release|Any CPU.Build.0 = Release|Any CPU
	EndGlobalSection
	GlobalSection(SolutionProperties) = preSolution
		HideSolutionNode = FALSE
	EndGlobalSection
EndGlobal
